
Microsoft Visual Studio Solution File, Format Version 12.00
Project("{FAE04EC0-301F-11D3-BF4B-00C04F79EFBC}") = "Account.Api", "Account\src\Account.Api\Account.Api.csproj", "{0E127D1C-F570-42B6-88D6-F07AF5593982}"
EndProject
Project("{FAE04EC0-301F-11D3-BF4B-00C04F79EFBC}") = "Account.Application", "Account\src\Account.Application\Account.Application.csproj", "{1883F6C3-878C-4CCB-B10F-D07F1B261A39}"
EndProject
Project("{FAE04EC0-301F-11D3-BF4B-00C04F79EFBC}") = "Account.Domain", "Account\src\Account.Domain\Account.Domain.csproj", "{E3B1836A-3660-4FA9-A6E5-28189C4E2E9E}"
EndProject
Project("{FAE04EC0-301F-11D3-BF4B-00C04F79EFBC}") = "Account.Infrastructure", "Account\src\Account.Infrastructure\Account.Infrastructure.csproj", "{065E45FD-E62F-4CD9-BBC1-5BE5E55D4767}"
EndProject
Project("{FAE04EC0-301F-11D3-BF4B-00C04F79EFBC}") = "Account.Api.Tests", "Account\test\Account.Api.Tests\Account.Api.Tests.csproj", "{54EB5415-FE7B-431E-A8D9-E6FFDD547809}"
EndProject
Project("{FAE04EC0-301F-11D3-BF4B-00C04F79EFBC}") = "Account.Application.Tests", "Account\test\Account.Application.Tests\Account.Application.Tests.csproj", "{629FD0B5-158B-40C6-9716-C112A82575EB}"
EndProject
Project("{FAE04EC0-301F-11D3-BF4B-00C04F79EFBC}") = "Account.Infrastructure.Tests", "Account\test\Account.Infrastructure.Tests\Account.Infrastructure.Tests.csproj", "{C2745BC3-0009-421E-A45D-42C269F13381}"
EndProject
Project("{2150E333-8FDC-42A3-9474-1A3956D46DE8}") = "Account", "Account", "{8D740DDE-7F57-4D21-9B2D-FF838147556E}"
EndProject
Project("{2150E333-8FDC-42A3-9474-1A3956D46DE8}") = "Service", "Service", "{1BC503C4-ECC3-43B1-A8C4-4EA9AF3506BE}"
EndProject
Project("{2150E333-8FDC-42A3-9474-1A3956D46DE8}") = "Tests", "Tests", "{75EE3D21-822D-4645-A963-D639A334B8FB}"
EndProject
Project("{FAE04EC0-301F-11D3-BF4B-00C04F79EFBC}") = "Gateway.Api", "Gateway.Api\Gateway.Api.csproj", "{E9E9051A-34E5-4CF2-B719-1F992379C428}"
EndProject
Global
	GlobalSection(SolutionConfigurationPlatforms) = preSolution
		Debug|Any CPU = Debug|Any CPU
		Release|Any CPU = Release|Any CPU
	EndGlobalSection
	GlobalSection(ProjectConfigurationPlatforms) = postSolution
		{0E127D1C-F570-42B6-88D6-F07AF5593982}.Debug|Any CPU.ActiveCfg = Debug|Any CPU
		{0E127D1C-F570-42B6-88D6-F07AF5593982}.Debug|Any CPU.Build.0 = Debug|Any CPU
		{0E127D1C-F570-42B6-88D6-F07AF5593982}.Release|Any CPU.ActiveCfg = Release|Any CPU
		{0E127D1C-F570-42B6-88D6-F07AF5593982}.Release|Any CPU.Build.0 = Release|Any CPU
		{1883F6C3-878C-4CCB-B10F-D07F1B261A39}.Debug|Any CPU.ActiveCfg = Debug|Any CPU
		{1883F6C3-878C-4CCB-B10F-D07F1B261A39}.Debug|Any CPU.Build.0 = Debug|Any CPU
		{1883F6C3-878C-4CCB-B10F-D07F1B261A39}.Release|Any CPU.ActiveCfg = Release|Any CPU
		{1883F6C3-878C-4CCB-B10F-D07F1B261A39}.Release|Any CPU.Build.0 = Release|Any CPU
		{E3B1836A-3660-4FA9-A6E5-28189C4E2E9E}.Debug|Any CPU.ActiveCfg = Debug|Any CPU
		{E3B1836A-3660-4FA9-A6E5-28189C4E2E9E}.Debug|Any CPU.Build.0 = Debug|Any CPU
		{E3B1836A-3660-4FA9-A6E5-28189C4E2E9E}.Release|Any CPU.ActiveCfg = Release|Any CPU
		{E3B1836A-3660-4FA9-A6E5-28189C4E2E9E}.Release|Any CPU.Build.0 = Release|Any CPU
		{065E45FD-E62F-4CD9-BBC1-5BE5E55D4767}.Debug|Any CPU.ActiveCfg = Debug|Any CPU
		{065E45FD-E62F-4CD9-BBC1-5BE5E55D4767}.Debug|Any CPU.Build.0 = Debug|Any CPU
		{065E45FD-E62F-4CD9-BBC1-5BE5E55D4767}.Release|Any CPU.ActiveCfg = Release|Any CPU
		{065E45FD-E62F-4CD9-BBC1-5BE5E55D4767}.Release|Any CPU.Build.0 = Release|Any CPU
		{54EB5415-FE7B-431E-A8D9-E6FFDD547809}.Debug|Any CPU.ActiveCfg = Debug|Any CPU
		{54EB5415-FE7B-431E-A8D9-E6FFDD547809}.Debug|Any CPU.Build.0 = Debug|Any CPU
		{54EB5415-FE7B-431E-A8D9-E6FFDD547809}.Release|Any CPU.ActiveCfg = Release|Any CPU
		{54EB5415-FE7B-431E-A8D9-E6FFDD547809}.Release|Any CPU.Build.0 = Release|Any CPU
		{629FD0B5-158B-40C6-9716-C112A82575EB}.Debug|Any CPU.ActiveCfg = Debug|Any CPU
		{629FD0B5-158B-40C6-9716-C112A82575EB}.Debug|Any CPU.Build.0 = Debug|Any CPU
		{629FD0B5-158B-40C6-9716-C112A82575EB}.Release|Any CPU.ActiveCfg = Release|Any CPU
		{629FD0B5-158B-40C6-9716-C112A82575EB}.Release|Any CPU.Build.0 = Release|Any CPU
		{C2745BC3-0009-421E-A45D-42C269F13381}.Debug|Any CPU.ActiveCfg = Debug|Any CPU
		{C2745BC3-0009-421E-A45D-42C269F13381}.Debug|Any CPU.Build.0 = Debug|Any CPU
		{C2745BC3-0009-421E-A45D-42C269F13381}.Release|Any CPU.ActiveCfg = Release|Any CPU
		{C2745BC3-0009-421E-A45D-42C269F13381}.Release|Any CPU.Build.0 = Release|Any CPU
		{E9E9051A-34E5-4CF2-B719-1F992379C428}.Debug|Any CPU.ActiveCfg = Debug|Any CPU
		{E9E9051A-34E5-4CF2-B719-1F992379C428}.Debug|Any CPU.Build.0 = Debug|Any CPU
		{E9E9051A-34E5-4CF2-B719-1F992379C428}.Release|Any CPU.ActiveCfg = Release|Any CPU
		{E9E9051A-34E5-4CF2-B719-1F992379C428}.Release|Any CPU.Build.0 = Release|Any CPU
	EndGlobalSection
	GlobalSection(NestedProjects) = preSolution
		{1BC503C4-ECC3-43B1-A8C4-4EA9AF3506BE} = {8D740DDE-7F57-4D21-9B2D-FF838147556E}
		{75EE3D21-822D-4645-A963-D639A334B8FB} = {8D740DDE-7F57-4D21-9B2D-FF838147556E}
		{0E127D1C-F570-42B6-88D6-F07AF5593982} = {1BC503C4-ECC3-43B1-A8C4-4EA9AF3506BE}
		{1883F6C3-878C-4CCB-B10F-D07F1B261A39} = {1BC503C4-ECC3-43B1-A8C4-4EA9AF3506BE}
		{E3B1836A-3660-4FA9-A6E5-28189C4E2E9E} = {1BC503C4-ECC3-43B1-A8C4-4EA9AF3506BE}
		{065E45FD-E62F-4CD9-BBC1-5BE5E55D4767} = {1BC503C4-ECC3-43B1-A8C4-4EA9AF3506BE}
		{54EB5415-FE7B-431E-A8D9-E6FFDD547809} = {75EE3D21-822D-4645-A963-D639A334B8FB}
		{629FD0B5-158B-40C6-9716-C112A82575EB} = {75EE3D21-822D-4645-A963-D639A334B8FB}
		{C2745BC3-0009-421E-A45D-42C269F13381} = {75EE3D21-822D-4645-A963-D639A334B8FB}
	EndGlobalSection
EndGlobal
